{
  "lockfile_version": "1",
  "packages": {
    "git@latest": {
      "last_modified": "2026-08-12T11:28:58Z",
      "resolved": "github:NixOS/nixpkgs/044bfe75bfe4c7bbe043dc17b5e42ea823b84a09#git",
      "source": "devbox-search",
      "version": "2.55.0",
      "systems": {
        "aarch64-darwin": {
          "outputs": [
            {
              "name": "out",
              "path": "/nix/store/hiw6ii978dc8s153v60fzy6myzqxymm7-git-2.55.0",
              "default": true
            },
            {
              "name": "doc",
              "path": "/nix/store/181ykp1mvmh07rq1sqfss8n7s1sc3mlm-git-2.55.0-doc"
            }
          ],
          "store_path": "/nix/store/hiw6ii978dc8s153v60fzy6myzqxymm7-git-2.55.0"
        },
        "aarch64-linux": {
          "outputs": [
            {
              "name": "out",
              "path": "/nix/store/q3pvpkn0qmin7x572p3z32hxz9yny73i-git-2.55.0",
              "default": true
            },
            {
              "name": "debug",
              "path": "/nix/store/5rjalzcb929d9qrxp8v6xxz99vfhmxhn-git-2.55.0-debug"
            },
            {
              "name": "doc",
              "path": "/nix/store/jbfpbknl5qh0cm5zg48gxgb6fzhwvq04-git-2.55.0-doc"
            }
          ],
          "store_path": "/nix/store/q3pvpkn0qmin7x572p3z32hxz9yny73i-git-2.55.0"
        },
        "x86_64-linux": {
          "outputs": [
            {
              "name": "out",
              "path": "/nix/store/8wxs6573l730vxkqd6wp58kvxa19csll-git-2.55.0",
              "default": true
            },
            {
              "name": "debug",
              "path": "/nix/store/3zxdc75ib758dwba0afaj63d33w6z42w-git-2.55.0-debug"
            },
            {
              "name": "doc",
              "path": "/nix/store/h1dp7wlh1saz2d77ajpdpbms1fn56ih8-git-2.55.0-doc"
            }
          ],
          "store_path": "/nix/store/8wxs6573l730vxkqd6wp58kvxa19csll-git-2.55.0"
        }
      }
    },
    "github:NixOS/nixpkgs/nixpkgs-unstable": {
      "last_modified": "2026-03-16T02:27:38Z",
      "resolved": "github:NixOS/nixpkgs/f8573b9c935cfaa162dd62cc9e75ae2db86f85df?lastModified=1773628058"
    },
    "go-task@latest": {
      "last_modified": "2026-02-23T15:40:43Z",
      "resolved": "github:NixOS/nixpkgs/80d901ec0377e19ac3f7bb8c035201e2e098cc97#go-task",
      "source": "devbox-search",
      "version": "3.48.0",
      "systems": {
        "aarch64-darwin": {
          "outputs": [
            {
              "name": "out",
              "path": "/nix/store/lwkw29yi53lijzfjqcp01jkaqa5493wi-go-task-3.48.0",
              "default": true
            }
          ],
          "store_path": "/nix/store/lwkw29yi53lijzfjqcp01jkaqa5493wi-go-task-3.48.0"
        },
        "aarch64-linux": {
          "outputs": [
            {
              "name": "out",
              "path": "/nix/store/f6g3n71njj281hawy8chz56c6dy6icb9-go-task-3.48.0",
              "default": true
            }
          ],
          "store_path": "/nix/store/f6g3n71njj281hawy8chz56c6dy6icb9-go-task-3.48.0"
        },
        "x86_64-darwin": {
          "outputs": [
            {
              "name": "out",
              "path": "/nix/store/8ncbi1skdp8x0h5abwxrawffknrascmq-go-task-3.48.0",
              "default": true
            }
          ],
          "store_path": "/nix/store/8ncbi1skdp8x0h5abwxrawffknrascmq-go-task-3.48.0"
        },
        "x86_64-linux": {
          "outputs": [
            {
              "name": "out",
              "path": "/nix/store/5divyc7qn687x3cyq5gnyh46vgx7g9by-go-task-3.48.0",
              "default": true
            }
          ],
          "store_path": "/nix/store/5divyc7qn687x3cyq5gnyh46vgx7g9by-go-task-3.48.0"
        }
      }
    },
    "go@1.21": {
      "last_modified": "2024-09-10T15:01:03Z",
      "resolved": "github:NixOS/nixpkgs/5ed627539ac84809c78b2dd6d26a5cebeb5ae269#go_1_21",
      "source": "devbox-search",
      "version": "1.21.13",
      "systems": {
        "aarch64-darwin": {
          "outputs": [
            {
              "name": "out",
              "path": "/nix/store/59bymri4pr8mq5zh678smrf381i3fmy2-go-1.21.13",
              "default": true
            }
          ],
          "store_path": "/nix/store/59bymri4pr8mq5zh678smrf381i3fmy2-go-1.21.13"
        },
        "aarch64-linux": {
          "outputs": [
            {
              "name": "out",
              "path": "/nix/store/7dqbqicx8szqnyzag6l41gwbjmh1xdk0-go-1.21.13",
              "default": true
            }
          ],
          "store_path": "/nix/store/7dqbqicx8szqnyzag6l41gwbjmh1xdk0-go-1.21.13"
        },
        "x86_64-darwin": {
          "outputs": [
            {
              "name": "out",
              "path": "/nix/store/ws9bs446vgwmxchqnpjp9503x420iz75-go-1.21.13",
              "default": true
            }
          ],
          "store_path": "/nix/store/ws9bs446vgwmxchqnpjp9503x420iz75-go-1.21.13"
        },
        "x86_64-linux": {
          "outputs": [
            {
              "name": "out",
              "path": "/nix/store/yij3vkkjv7ghn055v0rqhbjzyh0dy4nq-go-1.21.13",
              "default": true
            }
          ],
          "store_path": "/nix/store/yij3vkkjv7ghn055v0rqhbjzyh0dy4nq-go-1.21.13"
        }
      }
    },
    "gofumpt@latest": {
      "last_modified": "2026-02-23T15:40:43Z",
      "resolved": "github:NixOS/nixpkgs/80d901ec0377e19ac3f7bb8c035201e2e098cc97#gofumpt",
      "source": "devbox-search",
      "version": "0.9.2",
      "systems": {
        "aarch64-darwin": {
          "outputs": [
            {
              "name": "out",
              "path": "/nix/store/9946yr900hlx3r5i9f29iqlsbr1n6zwx-gofumpt-0.9.2",
              "default": true
            }
          ],
          "store_path": "/nix/store/9946yr900hlx3r5i9f29iqlsbr1n6zwx-gofumpt-0.9.2"
        },
        "aarch64-linux": {
          "outputs": [
            {
              "name": "out",
              "path": "/nix/store/prbj33vvq9skb5xjhdpskywzzb4yir88-gofumpt-0.9.2",
              "default": true
            }
          ],
          "store_path": "/nix/store/prbj33vvq9skb5xjhdpskywzzb4yir88-gofumpt-0.9.2"
        },
        "x86_64-darwin": {
          "outputs": [
            {
              "name": "out",
              "path": "/nix/store/j6bhjqbzpz6whjwa2r7c9gdhk1z90z3w-gofumpt-0.9.2",
              "default": true
            }
          ],
          "store_path": "/nix/store/j6bhjqbzpz6whjwa2r7c9gdhk1z90z3w-gofumpt-0.9.2"
        },
        "x86_64-linux": {
          "outputs": [
            {
              "name": "out",
              "path": "/nix/store/0868kga1asp5qwjf3g9i9f15269w4z8c-gofumpt-0.9.2",
              "default": true
            }
          ],
          "store_path": "/nix/store/0868kga1asp5qwjf3g9i9f15269w4z8c-gofumpt-0.9.2"
        }
      }
    },
    "goimports-reviser@latest": {
      "last_modified": "2026-03-04T00:49:39Z",
      "resolved": "github:NixOS/nixpkgs/0fd2db475afdde93c9e4b1625aafb8eb41b99807#goimports-reviser",
      "source": "devbox-search",
      "version": "3.12.6",
      "systems": {
        "aarch64-darwin": {
          "outputs": [
            {
              "name": "out",
              "path": "/nix/store/phvgg8rilfg95db64d316dcm2z9gwvp0-goimports-reviser-3.12.6",
              "default": true
            }
          ],
          "store_path": "/nix/store/phvgg8rilfg95db64d316dcm2z9gwvp0-goimports-reviser-3.12.6"
        },
        "aarch64-linux": {
          "outputs": [
            {
              "name": "out",
              "path": "/nix/store/sq52kk2qv0bc0zylb7w7c39svz4qkc0i-goimports-reviser-3.12.6",
              "default": true
            }
          ],
          "store_path": "/nix/store/sq52kk2qv0bc0zylb7w7c39svz4qkc0i-goimports-reviser-3.12.6"
        },
        "x86_64-darwin": {
          "outputs": [
            {
              "name": "out",
              "path": "/nix/store/5fxxl00iizs94pw3dgjifafqdbcsm7ij-goimports-reviser-3.12.6",
              "default": true
            }
          ],
          "store_path": "/nix/store/5fxxl00iizs94pw3dgjifafqdbcsm7ij-goimports-reviser-3.12.6"
        },
        "x86_64-linux": {
          "outputs": [
            {
              "name": "out",
              "path": "/nix/store/4ry13wghmycrm10cgk39mbwhsv6hz8n8-goimports-reviser-3.12.6",
              "default": true
            }
          ],
          "store_path": "/nix/store/4ry13wghmycrm10cgk39mbwhsv6hz8n8-goimports-reviser-3.12.6"
        }
      }
    },
    "golangci-lint-langserver@latest": {
      "last_modified": "2026-03-11T04:01:32Z",
      "resolved": "github:NixOS/nixpkgs/b6067cc0127d4db9c26c79e4de0513e58d0c40c9#golangci-lint-langserver",
      "source": "devbox-search",
      "version": "0.0.12",
      "systems": {
        "aarch64-darwin": {
          "outputs": [
            {
              "name": "out",
              "path": "/nix/store/bcrj2jhpw1mgrdsllibwns1y9mpfdc54-golangci-lint-langserver-0.0.12",
              "default": true
            }
          ],
          "store_path": "/nix/store/bcrj2jhpw1mgrdsllibwns1y9mpfdc54-golangci-lint-langserver-0.0.12"
        },
        "aarch64-linux": {
          "outputs": [
            {
              "name": "out",
              "path": "/nix/store/hd9qzw0fqr3mdz2xjj94p5lcb75a83vh-golangci-lint-langserver-0.0.12",
              "default": true
            }
          ],
          "store_path": "/nix/store/hd9qzw0fqr3mdz2xjj94p5lcb75a83vh-golangci-lint-langserver-0.0.12"
        },
        "x86_64-darwin": {
          "outputs": [
            {
              "name": "out",
              "path": "/nix/store/5k4k63dx0wn3whnk2m1fc2sm6lavxg5x-golangci-lint-langserver-0.0.12",
              "default": true
            }
          ],
          "store_path": "/nix/store/5k4k63dx0wn3whnk2m1fc2sm6lavxg5x-golangci-lint-langserver-0.0.12"
        },
        "x86_64-linux": {
          "outputs": [
            {
              "name": "out",
              "path": "/nix/store/9r0wl0iwk42c2hqkapydf0d74ikmys4a-golangci-lint-langserver-0.0.12",
              "default": true
            }
          ],
          "store_path": "/nix/store/9r0wl0iwk42c2hqkapydf0d74ikmys4a-golangci-lint-langserver-0.0.12"
        }
      }
    },
    "golangci-lint@latest": {
      "last_modified": "2026-03-11T04:01:32Z",
      "resolved": "github:NixOS/nixpkgs/b6067cc0127d4db9c26c79e4de0513e58d0c40c9#golangci-lint",
      "source": "devbox-search",
      "version": "2.11.3",
      "systems": {
        "aarch64-darwin": {
          "outputs": [
            {
              "name": "out",
              "path": "/nix/store/zalxgqwyng4jdbv5cpsmm9xbmim9hjjj-golangci-lint-2.11.3",
              "default": true
            }
          ],
          "store_path": "/nix/store/zalxgqwyng4jdbv5cpsmm9xbmim9hjjj-golangci-lint-2.11.3"
        },
        "aarch64-linux": {
          "outputs": [
            {
              "name": "out",
              "path": "/nix/store/mbra9idrmw8f8a4sqv2d0bf6vw8gcmfp-golangci-lint-2.11.3",
              "default": true
            }
          ],
          "store_path": "/nix/store/mbra9idrmw8f8a4sqv2d0bf6vw8gcmfp-golangci-lint-2.11.3"
        },
        "x86_64-darwin": {
          "outputs": [
            {
              "name": "out",
              "path": "/nix/store/ph64c01zwvbr9xvxydxa8ijvbdfax8fy-golangci-lint-2.11.3",
              "default": true
            }
          ],
          "store_path": "/nix/store/ph64c01zwvbr9xvxydxa8ijvbdfax8fy-golangci-lint-2.11.3"
        },
        "x86_64-linux": {
          "outputs": [
            {
              "name": "out",
              "path": "/nix/store/i1xcg5f24w70llk4v6lzi0vi4jf3ma5k-golangci-lint-2.11.3",
              "default": true
            }
          ],
          "store_path": "/nix/store/i1xcg5f24w70llk4v6lzi0vi4jf3ma5k-golangci-lint-2.11.3"
        }
      }
    }
  }
}
